
Microsoft Visual Studio Solution File, Format Version 12.00
# Visual Studio 15
VisualStudioVersion = 15.0.28307.1209
MinimumVisualStudioVersion = 10.0.40219.1
Project("{FAE04EC0-301F-11D3-BF4B-00C04F79EFBC}") = "ProjetoTarefas", "ProjetoTarefas\ProjetoTarefas.csproj", "{B8B72072-83C1-4A31-A424-6B43EE53A2B9}"
EndProject
Global
	GlobalSection(SolutionConfigurationPlatforms) = preSolution
		Debug|Any CPU = Debug|Any CPU
		Release|Any CPU = Release|Any CPU
	EndGlobalSection
	GlobalSection(ProjectConfigurationPlatforms) = postSolution
		{B8B72072-83C1-4A31-A424-6B43EE53A2B9}.Debug|Any CPU.ActiveCfg = Debug|Any CPU
		{B8B72072-83C1-4A31-A424-6B43EE53A2B9}.Debug|Any CPU.Build.0 = Debug|Any CPU
		{B8B72072-83C1-4A31-A424-6B43EE53A2B9}.Release|Any CPU.ActiveCfg = Release|Any CPU
		{B8B72072-83C1-4A31-A424-6B43EE53A2B9}.Release|Any CPU.Build.0 = Release|Any CPU
	EndGlobalSection
	GlobalSection(SolutionProperties) = preSolution
		HideSolutionNode = FALSE
	EndGlobalSection
	GlobalSection(ExtensibilityGlobals) = postSolution
		SolutionGuid = {0E26B865-8DF2-4E7B-BF48-D571E8813B8B}
	EndGlobalSection
EndGlobal
