
Microsoft Visual Studio Solution File, Format Version 12.00
# Visual Studio 15
VisualStudioVersion = 15.0.28307.1209
MinimumVisualStudioVersion = 10.0.40219.1
Project("{FAE04EC0-301F-11D3-BF4B-00C04F79EFBC}") = "Aula05Routes", "Aula05Routes\Aula05Routes.csproj", "{302C4B50-1F6E-4511-B848-D922F6A9895C}"
EndProject
Global
	GlobalSection(SolutionConfigurationPlatforms) = preSolution
		Debug|Any CPU = Debug|Any CPU
		Release|Any CPU = Release|Any CPU
	EndGlobalSection
	GlobalSection(ProjectConfigurationPlatforms) = postSolution
		{302C4B50-1F6E-4511-B848-D922F6A9895C}.Debug|Any CPU.ActiveCfg = Debug|Any CPU
		{302C4B50-1F6E-4511-B848-D922F6A9895C}.Debug|Any CPU.Build.0 = Debug|Any CPU
		{302C4B50-1F6E-4511-B848-D922F6A9895C}.Release|Any CPU.ActiveCfg = Release|Any CPU
		{302C4B50-1F6E-4511-B848-D922F6A9895C}.Release|Any CPU.Build.0 = Release|Any CPU
	EndGlobalSection
	GlobalSection(SolutionProperties) = preSolution
		HideSolutionNode = FALSE
	EndGlobalSection
	GlobalSection(ExtensibilityGlobals) = postSolution
		SolutionGuid = {516CB096-035F-4380-A898-C4538DA482D2}
	EndGlobalSection
EndGlobal
