
Microsoft Visual Studio Solution File, Format Version 12.00
# Visual Studio 15
VisualStudioVersion = 15.0.28307.1209
MinimumVisualStudioVersion = 10.0.40219.1
Project("{FAE04EC0-301F-11D3-BF4B-00C04F79EFBC}") = "Aula06HttpVerbs", "Aula06HttpVerbs\Aula06HttpVerbs.csproj", "{13BEAA51-C923-4D93-8B2A-EB7202119F45}"
EndProject
Global
	GlobalSection(SolutionConfigurationPlatforms) = preSolution
		Debug|Any CPU = Debug|Any CPU
		Release|Any CPU = Release|Any CPU
	EndGlobalSection
	GlobalSection(ProjectConfigurationPlatforms) = postSolution
		{13BEAA51-C923-4D93-8B2A-EB7202119F45}.Debug|Any CPU.ActiveCfg = Debug|Any CPU
		{13BEAA51-C923-4D93-8B2A-EB7202119F45}.Debug|Any CPU.Build.0 = Debug|Any CPU
		{13BEAA51-C923-4D93-8B2A-EB7202119F45}.Release|Any CPU.ActiveCfg = Release|Any CPU
		{13BEAA51-C923-4D93-8B2A-EB7202119F45}.Release|Any CPU.Build.0 = Release|Any CPU
	EndGlobalSection
	GlobalSection(SolutionProperties) = preSolution
		HideSolutionNode = FALSE
	EndGlobalSection
	GlobalSection(ExtensibilityGlobals) = postSolution
		SolutionGuid = {F741869C-55C0-4176-8A4D-91B3C04FE282}
	EndGlobalSection
EndGlobal
