
Microsoft Visual Studio Solution File, Format Version 12.00
# Visual Studio 15
VisualStudioVersion = 15.0.28307.1209
MinimumVisualStudioVersion = 10.0.40219.1
Project("{FAE04EC0-301F-11D3-BF4B-00C04F79EFBC}") = "ProjetoMoeda", "ProjetoMoeda\ProjetoMoeda.csproj", "{505431ED-4AE2-493A-801A-1CA33419E0DE}"
EndProject
Global
	GlobalSection(SolutionConfigurationPlatforms) = preSolution
		Debug|Any CPU = Debug|Any CPU
		Release|Any CPU = Release|Any CPU
	EndGlobalSection
	GlobalSection(ProjectConfigurationPlatforms) = postSolution
		{505431ED-4AE2-493A-801A-1CA33419E0DE}.Debug|Any CPU.ActiveCfg = Debug|Any CPU
		{505431ED-4AE2-493A-801A-1CA33419E0DE}.Debug|Any CPU.Build.0 = Debug|Any CPU
		{505431ED-4AE2-493A-801A-1CA33419E0DE}.Release|Any CPU.ActiveCfg = Release|Any CPU
		{505431ED-4AE2-493A-801A-1CA33419E0DE}.Release|Any CPU.Build.0 = Release|Any CPU
	EndGlobalSection
	GlobalSection(SolutionProperties) = preSolution
		HideSolutionNode = FALSE
	EndGlobalSection
	GlobalSection(ExtensibilityGlobals) = postSolution
		SolutionGuid = {0E3D8303-AD8D-4E4F-B277-C4C462945656}
	EndGlobalSection
EndGlobal
