
Microsoft Visual Studio Solution File, Format Version 12.00
# Visual Studio 15
VisualStudioVersion = 15.0.28307.1209
MinimumVisualStudioVersion = 10.0.40219.1
Project("{FAE04EC0-301F-11D3-BF4B-00C04F79EFBC}") = "Aula09ValidacaodeDados", "Aula09ValidacaodeDados\Aula09ValidacaodeDados.csproj", "{8C48E57A-BC90-47F5-89CA-BB926D5BD0AC}"
EndProject
Global
	GlobalSection(SolutionConfigurationPlatforms) = preSolution
		Debug|Any CPU = Debug|Any CPU
		Release|Any CPU = Release|Any CPU
	EndGlobalSection
	GlobalSection(ProjectConfigurationPlatforms) = postSolution
		{8C48E57A-BC90-47F5-89CA-BB926D5BD0AC}.Debug|Any CPU.ActiveCfg = Debug|Any CPU
		{8C48E57A-BC90-47F5-89CA-BB926D5BD0AC}.Debug|Any CPU.Build.0 = Debug|Any CPU
		{8C48E57A-BC90-47F5-89CA-BB926D5BD0AC}.Release|Any CPU.ActiveCfg = Release|Any CPU
		{8C48E57A-BC90-47F5-89CA-BB926D5BD0AC}.Release|Any CPU.Build.0 = Release|Any CPU
	EndGlobalSection
	GlobalSection(SolutionProperties) = preSolution
		HideSolutionNode = FALSE
	EndGlobalSection
	GlobalSection(ExtensibilityGlobals) = postSolution
		SolutionGuid = {A7478250-022F-464F-B527-76AD10915D62}
	EndGlobalSection
EndGlobal
